
Microsoft Visual Studio Solution File, Format Version 12.00
Project("{FAE04EC0-301F-11D3-BF4B-00C04F79EFBC}") = "LinqTutorials", "LinqTutorials\LinqTutorials.csproj", "{062DC3FD-EC4F-495B-81AF-45488E0C79CA}"
EndProject
Global
	GlobalSection(SolutionConfigurationPlatforms) = preSolution
		Debug|Any CPU = Debug|Any CPU
		Release|Any CPU = Release|Any CPU
	EndGlobalSection
	GlobalSection(ProjectConfigurationPlatforms) = postSolution
		{062DC3FD-EC4F-495B-81AF-45488E0C79CA}.Debug|Any CPU.ActiveCfg = Debug|Any CPU
		{062DC3FD-EC4F-495B-81AF-45488E0C79CA}.Debug|Any CPU.Build.0 = Debug|Any CPU
		{062DC3FD-EC4F-495B-81AF-45488E0C79CA}.Release|Any CPU.ActiveCfg = Release|Any CPU
		{062DC3FD-EC4F-495B-81AF-45488E0C79CA}.Release|Any CPU.Build.0 = Release|Any CPU
	EndGlobalSection
EndGlobal
